
Microsoft Visual Studio Solution File, Format Version 12.00
# Visual Studio Version 16
VisualStudioVersion = 16.0.30517.126
MinimumVisualStudioVersion = 10.0.40219.1
Project("{FAE04EC0-301F-11D3-BF4B-00C04F79EFBC}") = "github", "github\github.csproj", "{6723BA5C-E1C3-44F5-A811-ACC976329B0D}"
EndProject
Global
	GlobalSection(SolutionConfigurationPlatforms) = preSolution
		Debug|Any CPU = Debug|Any CPU
		Release|Any CPU = Release|Any CPU
	EndGlobalSection
	GlobalSection(ProjectConfigurationPlatforms) = postSolution
		{6723BA5C-E1C3-44F5-A811-ACC976329B0D}.Debug|Any CPU.ActiveCfg = Debug|Any CPU
		{6723BA5C-E1C3-44F5-A811-ACC976329B0D}.Debug|Any CPU.Build.0 = Debug|Any CPU
		{6723BA5C-E1C3-44F5-A811-ACC976329B0D}.Release|Any CPU.ActiveCfg = Release|Any CPU
		{6723BA5C-E1C3-44F5-A811-ACC976329B0D}.Release|Any CPU.Build.0 = Release|Any CPU
	EndGlobalSection
	GlobalSection(SolutionProperties) = preSolution
		HideSolutionNode = FALSE
	EndGlobalSection
	GlobalSection(ExtensibilityGlobals) = postSolution
		SolutionGuid = {CD7CC00D-9732-4261-A228-45260EB4D8E1}
	EndGlobalSection
EndGlobal
